{
  "name": "awesome-books-es6",
  "version": "1.0.0",
  "lockfileVersion": 2,
  "requires": true,
  "packages": {
    "": {
      "name": "awesome-books-es6",
      "version": "1.0.0",
      "license": "ISC",
      "dependencies": {
        "luxon": "^2.3.2"
      },
      "devDependencies": {
        "@types/luxon": "^2.3.1"
      }
    },
    "node_modules/@types/luxon": {
      "version": "2.3.1",
      "resolved": "https://registry.npmjs.org/@types/luxon/-/luxon-2.3.1.tgz",
      "integrity": "sha512-nAPUltOT28fal2eDZz8yyzNhBjHw1NEymFBP7Q9iCShqpflWPybxHbD7pw/46jQmT+HXOy1QN5hNTms8MOTlOQ==",
      "dev": true
    },
    "node_modules/luxon": {
      "version": "2.3.2",
      "resolved": "https://registry.npmjs.org/luxon/-/luxon-2.3.2.tgz",
      "integrity": "sha512-MlAQQVMFhGk4WUA6gpfsy0QycnKP0+NlCBJRVRNPxxSIbjrCbQ65nrpJD3FVyJNZLuJ0uoqL57ye6BmDYgHaSw==",
      "engines": {
        "node": ">=12"
      }
    }
  },
  "dependencies": {
    "@types/luxon": {
      "version": "2.3.1",
      "resolved": "https://registry.npmjs.org/@types/luxon/-/luxon-2.3.1.tgz",
      "integrity": "sha512-nAPUltOT28fal2eDZz8yyzNhBjHw1NEymFBP7Q9iCShqpflWPybxHbD7pw/46jQmT+HXOy1QN5hNTms8MOTlOQ==",
      "dev": true
    },
    "luxon": {
      "version": "2.3.2",
      "resolved": "https://registry.npmjs.org/luxon/-/luxon-2.3.2.tgz",
      "integrity": "sha512-MlAQQVMFhGk4WUA6gpfsy0QycnKP0+NlCBJRVRNPxxSIbjrCbQ65nrpJD3FVyJNZLuJ0uoqL57ye6BmDYgHaSw=="
    }
  }
}
